
Microsoft Visual Studio Solution File, Format Version 12.00
# Visual Studio Version 18
VisualStudioVersion = 18.4.11605.240 stable
MinimumVisualStudioVersion = 10.0.40219.1
Project("{9A19103F-16F7-4668-BE54-9A1E7A4F7556}") = "SwinAdventure", "SwinAdventure\SwinAdventure.csproj", "{623C28CA-45C9-422F-8832-EA6BEB5B3595}"
EndProject
Project("{FAE04EC0-301F-11D3-BF4B-00C04F79EFBC}") = "ObjectUnitTesting", "ObjectUnitTesting\ObjectUnitTesting.csproj", "{8FCF9B58-96FD-4603-A6BD-4143E9DE080C}"
	ProjectSection(ProjectDependencies) = postProject
		{623C28CA-45C9-422F-8832-EA6BEB5B3595} = {623C28CA-45C9-422F-8832-EA6BEB5B3595}
	EndProjectSection
EndProject
Global
	GlobalSection(SolutionConfigurationPlatforms) = preSolution
		Debug|Any CPU = Debug|Any CPU
		Release|Any CPU = Release|Any CPU
	EndGlobalSection
	GlobalSection(ProjectConfigurationPlatforms) = postSolution
		{623C28CA-45C9-422F-8832-EA6BEB5B3595}.Debug|Any CPU.ActiveCfg = Debug|Any CPU
		{623C28CA-45C9-422F-8832-EA6BEB5B3595}.Debug|Any CPU.Build.0 = Debug|Any CPU
		{623C28CA-45C9-422F-8832-EA6BEB5B3595}.Release|Any CPU.ActiveCfg = Release|Any CPU
		{623C28CA-45C9-422F-8832-EA6BEB5B3595}.Release|Any CPU.Build.0 = Release|Any CPU
		{8FCF9B58-96FD-4603-A6BD-4143E9DE080C}.Debug|Any CPU.ActiveCfg = Debug|Any CPU
		{8FCF9B58-96FD-4603-A6BD-4143E9DE080C}.Debug|Any CPU.Build.0 = Debug|Any CPU
		{8FCF9B58-96FD-4603-A6BD-4143E9DE080C}.Release|Any CPU.ActiveCfg = Release|Any CPU
		{8FCF9B58-96FD-4603-A6BD-4143E9DE080C}.Release|Any CPU.Build.0 = Release|Any CPU
	EndGlobalSection
	GlobalSection(SolutionProperties) = preSolution
		HideSolutionNode = FALSE
	EndGlobalSection
	GlobalSection(ExtensibilityGlobals) = postSolution
		SolutionGuid = {1557829A-FC8C-4782-8273-15C84650C806}
	EndGlobalSection
EndGlobal
